
Microsoft Visual Studio Solution File, Format Version 12.00
# Visual Studio Version 17
VisualStudioVersion = 17.14.36414.22
MinimumVisualStudioVersion = 10.0.40219.1
Project("{FAE04EC0-301F-11D3-BF4B-00C04F79EFBC}") = "winForms", "winForms\winForms.csproj", "{0CB9EBD2-D943-4622-AC5A-8C2E2BE342B3}"
EndProject
Project("{FAE04EC0-301F-11D3-BF4B-00C04F79EFBC}") = "dominio", "dominio\dominio.csproj", "{73AA677C-5FF5-4CFF-9B4B-27B75E34DB6C}"
EndProject
Global
	GlobalSection(SolutionConfigurationPlatforms) = preSolution
		Debug|Any CPU = Debug|Any CPU
		Release|Any CPU = Release|Any CPU
	EndGlobalSection
	GlobalSection(ProjectConfigurationPlatforms) = postSolution
		{0CB9EBD2-D943-4622-AC5A-8C2E2BE342B3}.Debug|Any CPU.ActiveCfg = Debug|Any CPU
		{0CB9EBD2-D943-4622-AC5A-8C2E2BE342B3}.Debug|Any CPU.Build.0 = Debug|Any CPU
		{0CB9EBD2-D943-4622-AC5A-8C2E2BE342B3}.Release|Any CPU.ActiveCfg = Release|Any CPU
		{0CB9EBD2-D943-4622-AC5A-8C2E2BE342B3}.Release|Any CPU.Build.0 = Release|Any CPU
		{73AA677C-5FF5-4CFF-9B4B-27B75E34DB6C}.Debug|Any CPU.ActiveCfg = Debug|Any CPU
		{73AA677C-5FF5-4CFF-9B4B-27B75E34DB6C}.Debug|Any CPU.Build.0 = Debug|Any CPU
		{73AA677C-5FF5-4CFF-9B4B-27B75E34DB6C}.Release|Any CPU.ActiveCfg = Release|Any CPU
		{73AA677C-5FF5-4CFF-9B4B-27B75E34DB6C}.Release|Any CPU.Build.0 = Release|Any CPU
	EndGlobalSection
	GlobalSection(SolutionProperties) = preSolution
		HideSolutionNode = FALSE
	EndGlobalSection
	GlobalSection(ExtensibilityGlobals) = postSolution
		SolutionGuid = {6839D356-4F06-41EF-B23D-CB9A2CE05D2D}
	EndGlobalSection
EndGlobal
